
Microsoft Visual Studio Solution File, Format Version 12.00
# Visual Studio Version 17
VisualStudioVersion = 17.8.34525.116
MinimumVisualStudioVersion = 10.0.40219.1
Project("{9A19103F-16F7-4668-BE54-9A1E7A4F7556}") = "Departures", "Departures\Departures.csproj", "{2DAF1CAC-CFEE-44CC-9E23-06D8D26645ED}"
EndProject
Project("{FAE04EC0-301F-11D3-BF4B-00C04F79EFBC}") = "Departures.Data", "Departures.Data\Departures.Data.csproj", "{B2A5E147-2BE5-491F-944D-B393656A2923}"
EndProject
Global
	GlobalSection(SolutionConfigurationPlatforms) = preSolution
		Debug|Any CPU = Debug|Any CPU
		Release|Any CPU = Release|Any CPU
	EndGlobalSection
	GlobalSection(ProjectConfigurationPlatforms) = postSolution
		{2DAF1CAC-CFEE-44CC-9E23-06D8D26645ED}.Debug|Any CPU.ActiveCfg = Debug|Any CPU
		{2DAF1CAC-CFEE-44CC-9E23-06D8D26645ED}.Debug|Any CPU.Build.0 = Debug|Any CPU
		{2DAF1CAC-CFEE-44CC-9E23-06D8D26645ED}.Release|Any CPU.ActiveCfg = Release|Any CPU
		{2DAF1CAC-CFEE-44CC-9E23-06D8D26645ED}.Release|Any CPU.Build.0 = Release|Any CPU
		{B2A5E147-2BE5-491F-944D-B393656A2923}.Debug|Any CPU.ActiveCfg = Debug|Any CPU
		{B2A5E147-2BE5-491F-944D-B393656A2923}.Debug|Any CPU.Build.0 = Debug|Any CPU
		{B2A5E147-2BE5-491F-944D-B393656A2923}.Release|Any CPU.ActiveCfg = Release|Any CPU
		{B2A5E147-2BE5-491F-944D-B393656A2923}.Release|Any CPU.Build.0 = Release|Any CPU
	EndGlobalSection
	GlobalSection(SolutionProperties) = preSolution
		HideSolutionNode = FALSE
	EndGlobalSection
	GlobalSection(ExtensibilityGlobals) = postSolution
		SolutionGuid = {3CA2E83C-4D66-4DEA-A132-F3CCACBB71F6}
	EndGlobalSection
EndGlobal
